
Microsoft Visual Studio Solution File, Format Version 12.00
# Visual Studio Version 17
VisualStudioVersion = 17.3.32804.467
MinimumVisualStudioVersion = 10.0.40219.1
Project("{FAE04EC0-301F-11D3-BF4B-00C04F79EFBC}") = "MultiTenant", "MultiTenant\MultiTenant.csproj", "{8F30F15F-97BD-40AA-87CE-42E3F3EDDC19}"
EndProject
Project("{FAE04EC0-301F-11D3-BF4B-00C04F79EFBC}") = "Core", "Core\Core.csproj", "{2677912F-5251-4455-A0A6-938222653F3E}"
EndProject
Global
	GlobalSection(SolutionConfigurationPlatforms) = preSolution
		Debug|Any CPU = Debug|Any CPU
		Release|Any CPU = Release|Any CPU
	EndGlobalSection
	GlobalSection(ProjectConfigurationPlatforms) = postSolution
		{8F30F15F-97BD-40AA-87CE-42E3F3EDDC19}.Debug|Any CPU.ActiveCfg = Debug|Any CPU
		{8F30F15F-97BD-40AA-87CE-42E3F3EDDC19}.Debug|Any CPU.Build.0 = Debug|Any CPU
		{8F30F15F-97BD-40AA-87CE-42E3F3EDDC19}.Release|Any CPU.ActiveCfg = Release|Any CPU
		{8F30F15F-97BD-40AA-87CE-42E3F3EDDC19}.Release|Any CPU.Build.0 = Release|Any CPU
		{2677912F-5251-4455-A0A6-938222653F3E}.Debug|Any CPU.ActiveCfg = Debug|Any CPU
		{2677912F-5251-4455-A0A6-938222653F3E}.Debug|Any CPU.Build.0 = Debug|Any CPU
		{2677912F-5251-4455-A0A6-938222653F3E}.Release|Any CPU.ActiveCfg = Release|Any CPU
		{2677912F-5251-4455-A0A6-938222653F3E}.Release|Any CPU.Build.0 = Release|Any CPU
	EndGlobalSection
	GlobalSection(SolutionProperties) = preSolution
		HideSolutionNode = FALSE
	EndGlobalSection
	GlobalSection(ExtensibilityGlobals) = postSolution
		SolutionGuid = {04F7A0B8-EC3B-4B94-BDA8-A37CA62B4C6F}
	EndGlobalSection
EndGlobal
